
Microsoft Visual Studio Solution File, Format Version 12.00
# Visual Studio 15
VisualStudioVersion = 15.0.26124.0
MinimumVisualStudioVersion = 15.0.26124.0
Project("{FAE04EC0-301F-11D3-BF4B-00C04F79EFBC}") = "Infrastructure", "Infrastructure\Infrastructure.csproj", "{C2AE1CC4-1171-4C29-AA5B-88A540A109B6}"
EndProject
Project("{FAE04EC0-301F-11D3-BF4B-00C04F79EFBC}") = "Barebone", "Barebone\Barebone.csproj", "{154A466B-690A-4B4A-BD09-D933FFE6C158}"
EndProject
Project("{FAE04EC0-301F-11D3-BF4B-00C04F79EFBC}") = "WebApplpication", "WebApplication\WebApplication.csproj", "{832F02D1-3E32-49F7-93D2-F5D9868ABCE4}"
EndProject
Project("{FAE04EC0-301F-11D3-BF4B-00C04F79EFBC}") = "Extension1", "Extension1\Extension1.csproj", "{7C392564-326F-44AF-8608-7AE3FD4A91F0}"
EndProject
Global
	GlobalSection(SolutionConfigurationPlatforms) = preSolution
		Debug|Any CPU = Debug|Any CPU
		Debug|x64 = Debug|x64
		Debug|x86 = Debug|x86
		Release|Any CPU = Release|Any CPU
		Release|x64 = Release|x64
		Release|x86 = Release|x86
	EndGlobalSection
	GlobalSection(SolutionProperties) = preSolution
		HideSolutionNode = FALSE
	EndGlobalSection
	GlobalSection(ProjectConfigurationPlatforms) = postSolution
		{C2AE1CC4-1171-4C29-AA5B-88A540A109B6}.Debug|Any CPU.ActiveCfg = Debug|Any CPU
		{C2AE1CC4-1171-4C29-AA5B-88A540A109B6}.Debug|Any CPU.Build.0 = Debug|Any CPU
		{C2AE1CC4-1171-4C29-AA5B-88A540A109B6}.Release|Any CPU.ActiveCfg = Release|Any CPU
		{C2AE1CC4-1171-4C29-AA5B-88A540A109B6}.Release|Any CPU.Build.0 = Release|Any CPU
		{154A466B-690A-4B4A-BD09-D933FFE6C158}.Debug|Any CPU.ActiveCfg = Debug|Any CPU
		{154A466B-690A-4B4A-BD09-D933FFE6C158}.Debug|Any CPU.Build.0 = Debug|Any CPU
		{154A466B-690A-4B4A-BD09-D933FFE6C158}.Release|Any CPU.ActiveCfg = Release|Any CPU
		{154A466B-690A-4B4A-BD09-D933FFE6C158}.Release|Any CPU.Build.0 = Release|Any CPU
		{832F02D1-3E32-49F7-93D2-F5D9868ABCE4}.Debug|Any CPU.ActiveCfg = Debug|Any CPU
		{832F02D1-3E32-49F7-93D2-F5D9868ABCE4}.Debug|Any CPU.Build.0 = Debug|Any CPU
		{832F02D1-3E32-49F7-93D2-F5D9868ABCE4}.Release|Any CPU.ActiveCfg = Release|Any CPU
		{832F02D1-3E32-49F7-93D2-F5D9868ABCE4}.Release|Any CPU.Build.0 = Release|Any CPU
		{7C392564-326F-44AF-8608-7AE3FD4A91F0}.Debug|Any CPU.ActiveCfg = Debug|Any CPU
		{7C392564-326F-44AF-8608-7AE3FD4A91F0}.Debug|Any CPU.Build.0 = Debug|Any CPU
		{7C392564-326F-44AF-8608-7AE3FD4A91F0}.Release|Any CPU.ActiveCfg = Release|Any CPU
		{7C392564-326F-44AF-8608-7AE3FD4A91F0}.Release|Any CPU.Build.0 = Release|Any CPU
	EndGlobalSection
EndGlobal
