
Microsoft Visual Studio Solution File, Format Version 12.00
# Visual Studio 15
VisualStudioVersion = 15.0.26730.16
MinimumVisualStudioVersion = 15.0.26124.0
Project("{9A19103F-16F7-4668-BE54-9A1E7A4F7556}") = "Infrastructure", "Infrastructure\Infrastructure.csproj", "{C2AE1CC4-1171-4C29-AA5B-88A540A109B6}"
EndProject
Project("{9A19103F-16F7-4668-BE54-9A1E7A4F7556}") = "Barebone", "Barebone\Barebone.csproj", "{154A466B-690A-4B4A-BD09-D933FFE6C158}"
EndProject
Project("{9A19103F-16F7-4668-BE54-9A1E7A4F7556}") = "WebApplication", "WebApplication\WebApplication.csproj", "{832F02D1-3E32-49F7-93D2-F5D9868ABCE4}"
EndProject
Project("{9A19103F-16F7-4668-BE54-9A1E7A4F7556}") = "Extension1", "Extension1\Extension1.csproj", "{7C392564-326F-44AF-8608-7AE3FD4A91F0}"
EndProject
Project("{9A19103F-16F7-4668-BE54-9A1E7A4F7556}") = "Extension2", "Extension2\Extension2.csproj", "{E29C1D94-9A07-4A76-A479-A45673FFFE73}"
EndProject
Project("{9A19103F-16F7-4668-BE54-9A1E7A4F7556}") = "Security", "Security\Security.csproj", "{53F9E0E6-F63A-4086-8F5D-C600D36E31B9}"
EndProject
Project("{9A19103F-16F7-4668-BE54-9A1E7A4F7556}") = "Security.Data.Abstractions", "Security.Data.Abstractions\Security.Data.Abstractions.csproj", "{6FDAFAFF-5C10-41E6-B13E-3434FE4F9D59}"
EndProject
Project("{9A19103F-16F7-4668-BE54-9A1E7A4F7556}") = "Security.Data.Entities", "Security.Data.Entities\Security.Data.Entities.csproj", "{B2E725AA-C134-40F0-8DF6-6928DA5C2F66}"
EndProject
Project("{9A19103F-16F7-4668-BE54-9A1E7A4F7556}") = "Security.Data.EntityFramework.Sqlite", "Security.Data.EntityFramework.Sqlite\Security.Data.EntityFramework.Sqlite.csproj", "{7805C09C-277C-4A5F-AC7A-AF34FE898939}"
EndProject
Project("{9A19103F-16F7-4668-BE54-9A1E7A4F7556}") = "Security.Data.EntityFramework", "Security.Data.EntityFramework\Security.Data.EntityFramework.csproj", "{820BEABD-13B9-427B-AF57-611DFD595969}"
EndProject
Project("{9A19103F-16F7-4668-BE54-9A1E7A4F7556}") = "SecurityTest", "Tests\SecurityTest\SecurityTest.csproj", "{F9AC9321-FD31-49EF-9939-ACE601BA6B5D}"
EndProject
Global
	GlobalSection(SolutionConfigurationPlatforms) = preSolution
		Debug|Any CPU = Debug|Any CPU
		Debug|x64 = Debug|x64
		Debug|x86 = Debug|x86
		Release|Any CPU = Release|Any CPU
		Release|x64 = Release|x64
		Release|x86 = Release|x86
	EndGlobalSection
	GlobalSection(ProjectConfigurationPlatforms) = postSolution
		{C2AE1CC4-1171-4C29-AA5B-88A540A109B6}.Debug|Any CPU.ActiveCfg = Debug|Any CPU
		{C2AE1CC4-1171-4C29-AA5B-88A540A109B6}.Debug|Any CPU.Build.0 = Debug|Any CPU
		{C2AE1CC4-1171-4C29-AA5B-88A540A109B6}.Debug|x64.ActiveCfg = Debug|Any CPU
		{C2AE1CC4-1171-4C29-AA5B-88A540A109B6}.Debug|x64.Build.0 = Debug|Any CPU
		{C2AE1CC4-1171-4C29-AA5B-88A540A109B6}.Debug|x86.ActiveCfg = Debug|Any CPU
		{C2AE1CC4-1171-4C29-AA5B-88A540A109B6}.Debug|x86.Build.0 = Debug|Any CPU
		{C2AE1CC4-1171-4C29-AA5B-88A540A109B6}.Release|Any CPU.ActiveCfg = Release|Any CPU
		{C2AE1CC4-1171-4C29-AA5B-88A540A109B6}.Release|Any CPU.Build.0 = Release|Any CPU
		{C2AE1CC4-1171-4C29-AA5B-88A540A109B6}.Release|x64.ActiveCfg = Release|Any CPU
		{C2AE1CC4-1171-4C29-AA5B-88A540A109B6}.Release|x64.Build.0 = Release|Any CPU
		{C2AE1CC4-1171-4C29-AA5B-88A540A109B6}.Release|x86.ActiveCfg = Release|Any CPU
		{C2AE1CC4-1171-4C29-AA5B-88A540A109B6}.Release|x86.Build.0 = Release|Any CPU
		{154A466B-690A-4B4A-BD09-D933FFE6C158}.Debug|Any CPU.ActiveCfg = Debug|Any CPU
		{154A466B-690A-4B4A-BD09-D933FFE6C158}.Debug|Any CPU.Build.0 = Debug|Any CPU
		{154A466B-690A-4B4A-BD09-D933FFE6C158}.Debug|x64.ActiveCfg = Debug|Any CPU
		{154A466B-690A-4B4A-BD09-D933FFE6C158}.Debug|x64.Build.0 = Debug|Any CPU
		{154A466B-690A-4B4A-BD09-D933FFE6C158}.Debug|x86.ActiveCfg = Debug|Any CPU
		{154A466B-690A-4B4A-BD09-D933FFE6C158}.Debug|x86.Build.0 = Debug|Any CPU
		{154A466B-690A-4B4A-BD09-D933FFE6C158}.Release|Any CPU.ActiveCfg = Release|Any CPU
		{154A466B-690A-4B4A-BD09-D933FFE6C158}.Release|Any CPU.Build.0 = Release|Any CPU
		{154A466B-690A-4B4A-BD09-D933FFE6C158}.Release|x64.ActiveCfg = Release|Any CPU
		{154A466B-690A-4B4A-BD09-D933FFE6C158}.Release|x64.Build.0 = Release|Any CPU
		{154A466B-690A-4B4A-BD09-D933FFE6C158}.Release|x86.ActiveCfg = Release|Any CPU
		{154A466B-690A-4B4A-BD09-D933FFE6C158}.Release|x86.Build.0 = Release|Any CPU
		{832F02D1-3E32-49F7-93D2-F5D9868ABCE4}.Debug|Any CPU.ActiveCfg = Debug|Any CPU
		{832F02D1-3E32-49F7-93D2-F5D9868ABCE4}.Debug|Any CPU.Build.0 = Debug|Any CPU
		{832F02D1-3E32-49F7-93D2-F5D9868ABCE4}.Debug|x64.ActiveCfg = Debug|Any CPU
		{832F02D1-3E32-49F7-93D2-F5D9868ABCE4}.Debug|x64.Build.0 = Debug|Any CPU
		{832F02D1-3E32-49F7-93D2-F5D9868ABCE4}.Debug|x86.ActiveCfg = Debug|Any CPU
		{832F02D1-3E32-49F7-93D2-F5D9868ABCE4}.Debug|x86.Build.0 = Debug|Any CPU
		{832F02D1-3E32-49F7-93D2-F5D9868ABCE4}.Release|Any CPU.ActiveCfg = Release|Any CPU
		{832F02D1-3E32-49F7-93D2-F5D9868ABCE4}.Release|Any CPU.Build.0 = Release|Any CPU
		{832F02D1-3E32-49F7-93D2-F5D9868ABCE4}.Release|x64.ActiveCfg = Release|Any CPU
		{832F02D1-3E32-49F7-93D2-F5D9868ABCE4}.Release|x64.Build.0 = Release|Any CPU
		{832F02D1-3E32-49F7-93D2-F5D9868ABCE4}.Release|x86.ActiveCfg = Release|Any CPU
		{832F02D1-3E32-49F7-93D2-F5D9868ABCE4}.Release|x86.Build.0 = Release|Any CPU
		{7C392564-326F-44AF-8608-7AE3FD4A91F0}.Debug|Any CPU.ActiveCfg = Debug|Any CPU
		{7C392564-326F-44AF-8608-7AE3FD4A91F0}.Debug|Any CPU.Build.0 = Debug|Any CPU
		{7C392564-326F-44AF-8608-7AE3FD4A91F0}.Debug|x64.ActiveCfg = Debug|Any CPU
		{7C392564-326F-44AF-8608-7AE3FD4A91F0}.Debug|x64.Build.0 = Debug|Any CPU
		{7C392564-326F-44AF-8608-7AE3FD4A91F0}.Debug|x86.ActiveCfg = Debug|Any CPU
		{7C392564-326F-44AF-8608-7AE3FD4A91F0}.Debug|x86.Build.0 = Debug|Any CPU
		{7C392564-326F-44AF-8608-7AE3FD4A91F0}.Release|Any CPU.ActiveCfg = Release|Any CPU
		{7C392564-326F-44AF-8608-7AE3FD4A91F0}.Release|Any CPU.Build.0 = Release|Any CPU
		{7C392564-326F-44AF-8608-7AE3FD4A91F0}.Release|x64.ActiveCfg = Release|Any CPU
		{7C392564-326F-44AF-8608-7AE3FD4A91F0}.Release|x64.Build.0 = Release|Any CPU
		{7C392564-326F-44AF-8608-7AE3FD4A91F0}.Release|x86.ActiveCfg = Release|Any CPU
		{7C392564-326F-44AF-8608-7AE3FD4A91F0}.Release|x86.Build.0 = Release|Any CPU
		{E29C1D94-9A07-4A76-A479-A45673FFFE73}.Debug|Any CPU.ActiveCfg = Debug|Any CPU
		{E29C1D94-9A07-4A76-A479-A45673FFFE73}.Debug|Any CPU.Build.0 = Debug|Any CPU
		{E29C1D94-9A07-4A76-A479-A45673FFFE73}.Debug|x64.ActiveCfg = Debug|Any CPU
		{E29C1D94-9A07-4A76-A479-A45673FFFE73}.Debug|x64.Build.0 = Debug|Any CPU
		{E29C1D94-9A07-4A76-A479-A45673FFFE73}.Debug|x86.ActiveCfg = Debug|Any CPU
		{E29C1D94-9A07-4A76-A479-A45673FFFE73}.Debug|x86.Build.0 = Debug|Any CPU
		{E29C1D94-9A07-4A76-A479-A45673FFFE73}.Release|Any CPU.ActiveCfg = Release|Any CPU
		{E29C1D94-9A07-4A76-A479-A45673FFFE73}.Release|Any CPU.Build.0 = Release|Any CPU
		{E29C1D94-9A07-4A76-A479-A45673FFFE73}.Release|x64.ActiveCfg = Release|Any CPU
		{E29C1D94-9A07-4A76-A479-A45673FFFE73}.Release|x64.Build.0 = Release|Any CPU
		{E29C1D94-9A07-4A76-A479-A45673FFFE73}.Release|x86.ActiveCfg = Release|Any CPU
		{E29C1D94-9A07-4A76-A479-A45673FFFE73}.Release|x86.Build.0 = Release|Any CPU
		{53F9E0E6-F63A-4086-8F5D-C600D36E31B9}.Debug|Any CPU.ActiveCfg = Debug|Any CPU
		{53F9E0E6-F63A-4086-8F5D-C600D36E31B9}.Debug|Any CPU.Build.0 = Debug|Any CPU
		{53F9E0E6-F63A-4086-8F5D-C600D36E31B9}.Debug|x64.ActiveCfg = Debug|Any CPU
		{53F9E0E6-F63A-4086-8F5D-C600D36E31B9}.Debug|x64.Build.0 = Debug|Any CPU
		{53F9E0E6-F63A-4086-8F5D-C600D36E31B9}.Debug|x86.ActiveCfg = Debug|Any CPU
		{53F9E0E6-F63A-4086-8F5D-C600D36E31B9}.Debug|x86.Build.0 = Debug|Any CPU
		{53F9E0E6-F63A-4086-8F5D-C600D36E31B9}.Release|Any CPU.ActiveCfg = Release|Any CPU
		{53F9E0E6-F63A-4086-8F5D-C600D36E31B9}.Release|Any CPU.Build.0 = Release|Any CPU
		{53F9E0E6-F63A-4086-8F5D-C600D36E31B9}.Release|x64.ActiveCfg = Release|Any CPU
		{53F9E0E6-F63A-4086-8F5D-C600D36E31B9}.Release|x64.Build.0 = Release|Any CPU
		{53F9E0E6-F63A-4086-8F5D-C600D36E31B9}.Release|x86.ActiveCfg = Release|Any CPU
		{53F9E0E6-F63A-4086-8F5D-C600D36E31B9}.Release|x86.Build.0 = Release|Any CPU
		{6FDAFAFF-5C10-41E6-B13E-3434FE4F9D59}.Debug|Any CPU.ActiveCfg = Debug|Any CPU
		{6FDAFAFF-5C10-41E6-B13E-3434FE4F9D59}.Debug|Any CPU.Build.0 = Debug|Any CPU
		{6FDAFAFF-5C10-41E6-B13E-3434FE4F9D59}.Debug|x64.ActiveCfg = Debug|Any CPU
		{6FDAFAFF-5C10-41E6-B13E-3434FE4F9D59}.Debug|x64.Build.0 = Debug|Any CPU
		{6FDAFAFF-5C10-41E6-B13E-3434FE4F9D59}.Debug|x86.ActiveCfg = Debug|Any CPU
		{6FDAFAFF-5C10-41E6-B13E-3434FE4F9D59}.Debug|x86.Build.0 = Debug|Any CPU
		{6FDAFAFF-5C10-41E6-B13E-3434FE4F9D59}.Release|Any CPU.ActiveCfg = Release|Any CPU
		{6FDAFAFF-5C10-41E6-B13E-3434FE4F9D59}.Release|Any CPU.Build.0 = Release|Any CPU
		{6FDAFAFF-5C10-41E6-B13E-3434FE4F9D59}.Release|x64.ActiveCfg = Release|Any CPU
		{6FDAFAFF-5C10-41E6-B13E-3434FE4F9D59}.Release|x64.Build.0 = Release|Any CPU
		{6FDAFAFF-5C10-41E6-B13E-3434FE4F9D59}.Release|x86.ActiveCfg = Release|Any CPU
		{6FDAFAFF-5C10-41E6-B13E-3434FE4F9D59}.Release|x86.Build.0 = Release|Any CPU
		{B2E725AA-C134-40F0-8DF6-6928DA5C2F66}.Debug|Any CPU.ActiveCfg = Debug|Any CPU
		{B2E725AA-C134-40F0-8DF6-6928DA5C2F66}.Debug|Any CPU.Build.0 = Debug|Any CPU
		{B2E725AA-C134-40F0-8DF6-6928DA5C2F66}.Debug|x64.ActiveCfg = Debug|Any CPU
		{B2E725AA-C134-40F0-8DF6-6928DA5C2F66}.Debug|x64.Build.0 = Debug|Any CPU
		{B2E725AA-C134-40F0-8DF6-6928DA5C2F66}.Debug|x86.ActiveCfg = Debug|Any CPU
		{B2E725AA-C134-40F0-8DF6-6928DA5C2F66}.Debug|x86.Build.0 = Debug|Any CPU
		{B2E725AA-C134-40F0-8DF6-6928DA5C2F66}.Release|Any CPU.ActiveCfg = Release|Any CPU
		{B2E725AA-C134-40F0-8DF6-6928DA5C2F66}.Release|Any CPU.Build.0 = Release|Any CPU
		{B2E725AA-C134-40F0-8DF6-6928DA5C2F66}.Release|x64.ActiveCfg = Release|Any CPU
		{B2E725AA-C134-40F0-8DF6-6928DA5C2F66}.Release|x64.Build.0 = Release|Any CPU
		{B2E725AA-C134-40F0-8DF6-6928DA5C2F66}.Release|x86.ActiveCfg = Release|Any CPU
		{B2E725AA-C134-40F0-8DF6-6928DA5C2F66}.Release|x86.Build.0 = Release|Any CPU
		{7805C09C-277C-4A5F-AC7A-AF34FE898939}.Debug|Any CPU.ActiveCfg = Debug|Any CPU
		{7805C09C-277C-4A5F-AC7A-AF34FE898939}.Debug|Any CPU.Build.0 = Debug|Any CPU
		{7805C09C-277C-4A5F-AC7A-AF34FE898939}.Debug|x64.ActiveCfg = Debug|Any CPU
		{7805C09C-277C-4A5F-AC7A-AF34FE898939}.Debug|x64.Build.0 = Debug|Any CPU
		{7805C09C-277C-4A5F-AC7A-AF34FE898939}.Debug|x86.ActiveCfg = Debug|Any CPU
		{7805C09C-277C-4A5F-AC7A-AF34FE898939}.Debug|x86.Build.0 = Debug|Any CPU
		{7805C09C-277C-4A5F-AC7A-AF34FE898939}.Release|Any CPU.ActiveCfg = Release|Any CPU
		{7805C09C-277C-4A5F-AC7A-AF34FE898939}.Release|Any CPU.Build.0 = Release|Any CPU
		{7805C09C-277C-4A5F-AC7A-AF34FE898939}.Release|x64.ActiveCfg = Release|Any CPU
		{7805C09C-277C-4A5F-AC7A-AF34FE898939}.Release|x64.Build.0 = Release|Any CPU
		{7805C09C-277C-4A5F-AC7A-AF34FE898939}.Release|x86.ActiveCfg = Release|Any CPU
		{7805C09C-277C-4A5F-AC7A-AF34FE898939}.Release|x86.Build.0 = Release|Any CPU
		{820BEABD-13B9-427B-AF57-611DFD595969}.Debug|Any CPU.ActiveCfg = Debug|Any CPU
		{820BEABD-13B9-427B-AF57-611DFD595969}.Debug|Any CPU.Build.0 = Debug|Any CPU
		{820BEABD-13B9-427B-AF57-611DFD595969}.Debug|x64.ActiveCfg = Debug|Any CPU
		{820BEABD-13B9-427B-AF57-611DFD595969}.Debug|x64.Build.0 = Debug|Any CPU
		{820BEABD-13B9-427B-AF57-611DFD595969}.Debug|x86.ActiveCfg = Debug|Any CPU
		{820BEABD-13B9-427B-AF57-611DFD595969}.Debug|x86.Build.0 = Debug|Any CPU
		{820BEABD-13B9-427B-AF57-611DFD595969}.Release|Any CPU.ActiveCfg = Release|Any CPU
		{820BEABD-13B9-427B-AF57-611DFD595969}.Release|Any CPU.Build.0 = Release|Any CPU
		{820BEABD-13B9-427B-AF57-611DFD595969}.Release|x64.ActiveCfg = Release|Any CPU
		{820BEABD-13B9-427B-AF57-611DFD595969}.Release|x64.Build.0 = Release|Any CPU
		{820BEABD-13B9-427B-AF57-611DFD595969}.Release|x86.ActiveCfg = Release|Any CPU
		{820BEABD-13B9-427B-AF57-611DFD595969}.Release|x86.Build.0 = Release|Any CPU
		{F9AC9321-FD31-49EF-9939-ACE601BA6B5D}.Debug|Any CPU.ActiveCfg = Debug|Any CPU
		{F9AC9321-FD31-49EF-9939-ACE601BA6B5D}.Debug|Any CPU.Build.0 = Debug|Any CPU
		{F9AC9321-FD31-49EF-9939-ACE601BA6B5D}.Debug|x64.ActiveCfg = Debug|Any CPU
		{F9AC9321-FD31-49EF-9939-ACE601BA6B5D}.Debug|x64.Build.0 = Debug|Any CPU
		{F9AC9321-FD31-49EF-9939-ACE601BA6B5D}.Debug|x86.ActiveCfg = Debug|Any CPU
		{F9AC9321-FD31-49EF-9939-ACE601BA6B5D}.Debug|x86.Build.0 = Debug|Any CPU
		{F9AC9321-FD31-49EF-9939-ACE601BA6B5D}.Release|Any CPU.ActiveCfg = Release|Any CPU
		{F9AC9321-FD31-49EF-9939-ACE601BA6B5D}.Release|Any CPU.Build.0 = Release|Any CPU
		{F9AC9321-FD31-49EF-9939-ACE601BA6B5D}.Release|x64.ActiveCfg = Release|Any CPU
		{F9AC9321-FD31-49EF-9939-ACE601BA6B5D}.Release|x64.Build.0 = Release|Any CPU
		{F9AC9321-FD31-49EF-9939-ACE601BA6B5D}.Release|x86.ActiveCfg = Release|Any CPU
		{F9AC9321-FD31-49EF-9939-ACE601BA6B5D}.Release|x86.Build.0 = Release|Any CPU
	EndGlobalSection
	GlobalSection(SolutionProperties) = preSolution
		HideSolutionNode = FALSE
	EndGlobalSection
	GlobalSection(ExtensibilityGlobals) = postSolution
		SolutionGuid = {072DB019-D6AB-4D9D-BAC5-629FF31A62C5}
	EndGlobalSection
EndGlobal
