
Microsoft Visual Studio Solution File, Format Version 12.00
# Visual Studio Version 16
VisualStudioVersion = 16.0.29418.71
MinimumVisualStudioVersion = 15.0.26124.0
Project("{9A19103F-16F7-4668-BE54-9A1E7A4F7556}") = "SoftinuxBase.Infrastructure", "src\SoftinuxBase.Infrastructure\SoftinuxBase.Infrastructure.csproj", "{C2AE1CC4-1171-4C29-AA5B-88A540A109B6}"
EndProject
Project("{9A19103F-16F7-4668-BE54-9A1E7A4F7556}") = "SoftinuxBase.Barebone", "src\SoftinuxBase.Barebone\SoftinuxBase.Barebone.csproj", "{154A466B-690A-4B4A-BD09-D933FFE6C158}"
EndProject
Project("{9A19103F-16F7-4668-BE54-9A1E7A4F7556}") = "SoftinuxBase.Security", "src\SoftinuxBase.Security\SoftinuxBase.Security.csproj", "{53F9E0E6-F63A-4086-8F5D-C600D36E31B9}"
EndProject
Project("{9A19103F-16F7-4668-BE54-9A1E7A4F7556}") = "SoftinuxBase.Security.Data.Abstractions", "src\SoftinuxBase.Security.Data.Abstractions\SoftinuxBase.Security.Data.Abstractions.csproj", "{6FDAFAFF-5C10-41E6-B13E-3434FE4F9D59}"
EndProject
Project("{9A19103F-16F7-4668-BE54-9A1E7A4F7556}") = "SoftinuxBase.Security.Data.Entities", "src\SoftinuxBase.Security.Data.Entities\SoftinuxBase.Security.Data.Entities.csproj", "{B2E725AA-C134-40F0-8DF6-6928DA5C2F66}"
EndProject
Project("{9A19103F-16F7-4668-BE54-9A1E7A4F7556}") = "SoftinuxBase.Security.Data.EntityFramework.Sqlite", "src\SoftinuxBase.Security.Data.EntityFramework.Sqlite\SoftinuxBase.Security.Data.EntityFramework.Sqlite.csproj", "{7805C09C-277C-4A5F-AC7A-AF34FE898939}"
EndProject
Project("{9A19103F-16F7-4668-BE54-9A1E7A4F7556}") = "SoftinuxBase.Security.Data.EntityFramework", "src\SoftinuxBase.Security.Data.EntityFramework\SoftinuxBase.Security.Data.EntityFramework.csproj", "{820BEABD-13B9-427B-AF57-611DFD595969}"
EndProject
Project("{9A19103F-16F7-4668-BE54-9A1E7A4F7556}") = "SoftinuxBase.SeedDatabase", "src\SoftinuxBase.SeedDatabase\SoftinuxBase.SeedDatabase.csproj", "{2B0CE783-D89A-452A-A210-E54032512DF9}"
EndProject
Project("{9A19103F-16F7-4668-BE54-9A1E7A4F7556}") = "Globalisation", "src\Globalisation\Globalisation.csproj", "{A6EC4E82-29DC-483A-BB74-5B355C6530CD}"
EndProject
Project("{9A19103F-16F7-4668-BE54-9A1E7A4F7556}") = "SoftinuxBase.Data.Sqlite", "src\SoftinuxBase.Data.Sqlite\SoftinuxBase.Data.Sqlite.csproj", "{0CE852C3-8D5E-478B-A407-4E43D6C59E7E}"
EndProject
Project("{9A19103F-16F7-4668-BE54-9A1E7A4F7556}") = "SoftinuxBase.WebApplication", "src\SoftinuxBase.WebApplication\SoftinuxBase.WebApplication.csproj", "{14B6D29E-11CA-4499-9213-6A1A4554D855}"
EndProject
Project("{9A19103F-16F7-4668-BE54-9A1E7A4F7556}") = "WebApplication", "src\WebApplication\WebApplication.csproj", "{C468EFDF-A870-475E-BFEB-A82F8DC6FC68}"
EndProject
Project("{9A19103F-16F7-4668-BE54-9A1E7A4F7556}") = "SoftinuxBase.Security.Data.EntityFramework.Mssql", "src\SoftinuxBase.Security.Data.EntityFramework.Mssql\SoftinuxBase.Security.Data.EntityFramework.Mssql.csproj", "{7DC386E9-0AD3-4DBF-ACC6-294FFD5E4EE8}"
EndProject
Project("{9A19103F-16F7-4668-BE54-9A1E7A4F7556}") = "SoftinuxBase.Security.Data.EntityFramework.Mysql", "src\SoftinuxBase.Security.Data.EntityFramework.Mysql\SoftinuxBase.Security.Data.EntityFramework.Mysql.csproj", "{CDF8434F-06EB-40BE-BA7D-C8C8F91C4954}"
EndProject
Project("{9A19103F-16F7-4668-BE54-9A1E7A4F7556}") = "SoftinuxBase.Security.Data.EntityFramework.Npgsql", "src\SoftinuxBase.Security.Data.EntityFramework.Npgsql\SoftinuxBase.Security.Data.EntityFramework.Npgsql.csproj", "{FBEA202C-3C30-4EDB-9F7E-36495672AD9E}"
EndProject
Project("{9A19103F-16F7-4668-BE54-9A1E7A4F7556}") = "SoftinuxBase.Security.AuthorizeSetup", "src\SoftinuxBase.Security.AuthorizeSetup\SoftinuxBase.Security.AuthorizeSetup.csproj", "{3894682B-E4E2-403D-8FDF-EC1B00BB7036}"
EndProject
Project("{9A19103F-16F7-4668-BE54-9A1E7A4F7556}") = "SoftinuxBase.Security.FeatureAuthorize", "src\SoftinuxBase.Security.FeatureAuthorize\SoftinuxBase.Security.FeatureAuthorize.csproj", "{2F54BA3D-F384-45B7-9B35-2CC6D95AA275}"
EndProject
Project("{9A19103F-16F7-4668-BE54-9A1E7A4F7556}") = "SoftinuxBase.Security.Permissions", "src\SoftinuxBase.Security.Permissions\SoftinuxBase.Security.Permissions.csproj", "{47B5B76F-033A-44EB-AE0F-1FC0099F4BB8}"
EndProject
Project("{9A19103F-16F7-4668-BE54-9A1E7A4F7556}") = "SoftinuxBase.Security.RefreshClaims", "src\SoftinuxBase.Security.RefreshClaims\SoftinuxBase.Security.RefreshClaims.csproj", "{766E756F-1EC2-4171-B84E-CF10C2C0F072}"
EndProject
Project("{9A19103F-16F7-4668-BE54-9A1E7A4F7556}") = "SoftinuxBase.Security.UserImpersonation", "src\SoftinuxBase.Security.UserImpersonation\SoftinuxBase.Security.UserImpersonation.csproj", "{E4F595B5-BEF8-4B22-BEDD-11595D6618A3}"
EndProject
Project("{2150E333-8FDC-42A3-9474-1A3956D46DE8}") = "Tests", "Tests", "{8F84BEE0-CCBF-42B4-A981-F4A9BF088A96}"
EndProject
Project("{9A19103F-16F7-4668-BE54-9A1E7A4F7556}") = "SoftinuxBase.Tests.Common", "src\Testing\Unit\SoftinuxBase.Tests.Common\SoftinuxBase.Tests.Common.csproj", "{FA944E7C-DF71-43A7-B59A-4C49BBE06468}"
EndProject
Project("{9A19103F-16F7-4668-BE54-9A1E7A4F7556}") = "SoftinuxBase.SecurityTests", "src\Testing\Unit\SoftinuxBase.SecurityTests\SoftinuxBase.SecurityTests.csproj", "{B66CF3A3-D470-424E-A788-115672CE7E71}"
EndProject
Project("{9A19103F-16F7-4668-BE54-9A1E7A4F7556}") = "SoftinuxBase.Security.PermissionsTests", "src\Testing\Unit\SoftinuxBase.Security.PermissionsTests\SoftinuxBase.Security.PermissionsTests.csproj", "{3437B509-E066-4B7D-8609-CD37C176ED43}"
EndProject
Project("{FAE04EC0-301F-11D3-BF4B-00C04F79EFBC}") = "SampleExtension1", "src\Testing\Extensions\SampleExtension1\SampleExtension1.csproj", "{55A9A0C4-FCE2-494A-A46A-F489C0F36A58}"
EndProject
Project("{FAE04EC0-301F-11D3-BF4B-00C04F79EFBC}") = "SampleExtension2", "src\Testing\Extensions\SampleExtension2\SampleExtension2.csproj", "{DDD1B329-940B-4244-A1BD-E35CFE07B73B}"
EndProject
Global
	GlobalSection(SolutionConfigurationPlatforms) = preSolution
		Debug|Any CPU = Debug|Any CPU
		Debug|x64 = Debug|x64
		Debug|x86 = Debug|x86
		Release|Any CPU = Release|Any CPU
		Release|x64 = Release|x64
		Release|x86 = Release|x86
	EndGlobalSection
	GlobalSection(ProjectConfigurationPlatforms) = postSolution
		{C2AE1CC4-1171-4C29-AA5B-88A540A109B6}.Debug|Any CPU.ActiveCfg = Debug|Any CPU
		{C2AE1CC4-1171-4C29-AA5B-88A540A109B6}.Debug|Any CPU.Build.0 = Debug|Any CPU
		{C2AE1CC4-1171-4C29-AA5B-88A540A109B6}.Debug|x64.ActiveCfg = Debug|Any CPU
		{C2AE1CC4-1171-4C29-AA5B-88A540A109B6}.Debug|x64.Build.0 = Debug|Any CPU
		{C2AE1CC4-1171-4C29-AA5B-88A540A109B6}.Debug|x86.ActiveCfg = Debug|Any CPU
		{C2AE1CC4-1171-4C29-AA5B-88A540A109B6}.Debug|x86.Build.0 = Debug|Any CPU
		{C2AE1CC4-1171-4C29-AA5B-88A540A109B6}.Release|Any CPU.ActiveCfg = Release|Any CPU
		{C2AE1CC4-1171-4C29-AA5B-88A540A109B6}.Release|Any CPU.Build.0 = Release|Any CPU
		{C2AE1CC4-1171-4C29-AA5B-88A540A109B6}.Release|x64.ActiveCfg = Release|Any CPU
		{C2AE1CC4-1171-4C29-AA5B-88A540A109B6}.Release|x64.Build.0 = Release|Any CPU
		{C2AE1CC4-1171-4C29-AA5B-88A540A109B6}.Release|x86.ActiveCfg = Release|Any CPU
		{C2AE1CC4-1171-4C29-AA5B-88A540A109B6}.Release|x86.Build.0 = Release|Any CPU
		{154A466B-690A-4B4A-BD09-D933FFE6C158}.Debug|Any CPU.ActiveCfg = Debug|Any CPU
		{154A466B-690A-4B4A-BD09-D933FFE6C158}.Debug|Any CPU.Build.0 = Debug|Any CPU
		{154A466B-690A-4B4A-BD09-D933FFE6C158}.Debug|x64.ActiveCfg = Debug|Any CPU
		{154A466B-690A-4B4A-BD09-D933FFE6C158}.Debug|x64.Build.0 = Debug|Any CPU
		{154A466B-690A-4B4A-BD09-D933FFE6C158}.Debug|x86.ActiveCfg = Debug|Any CPU
		{154A466B-690A-4B4A-BD09-D933FFE6C158}.Debug|x86.Build.0 = Debug|Any CPU
		{154A466B-690A-4B4A-BD09-D933FFE6C158}.Release|Any CPU.ActiveCfg = Release|Any CPU
		{154A466B-690A-4B4A-BD09-D933FFE6C158}.Release|Any CPU.Build.0 = Release|Any CPU
		{154A466B-690A-4B4A-BD09-D933FFE6C158}.Release|x64.ActiveCfg = Release|Any CPU
		{154A466B-690A-4B4A-BD09-D933FFE6C158}.Release|x64.Build.0 = Release|Any CPU
		{154A466B-690A-4B4A-BD09-D933FFE6C158}.Release|x86.ActiveCfg = Release|Any CPU
		{154A466B-690A-4B4A-BD09-D933FFE6C158}.Release|x86.Build.0 = Release|Any CPU
		{53F9E0E6-F63A-4086-8F5D-C600D36E31B9}.Debug|Any CPU.ActiveCfg = Debug|Any CPU
		{53F9E0E6-F63A-4086-8F5D-C600D36E31B9}.Debug|Any CPU.Build.0 = Debug|Any CPU
		{53F9E0E6-F63A-4086-8F5D-C600D36E31B9}.Debug|x64.ActiveCfg = Debug|Any CPU
		{53F9E0E6-F63A-4086-8F5D-C600D36E31B9}.Debug|x64.Build.0 = Debug|Any CPU
		{53F9E0E6-F63A-4086-8F5D-C600D36E31B9}.Debug|x86.ActiveCfg = Debug|Any CPU
		{53F9E0E6-F63A-4086-8F5D-C600D36E31B9}.Debug|x86.Build.0 = Debug|Any CPU
		{53F9E0E6-F63A-4086-8F5D-C600D36E31B9}.Release|Any CPU.ActiveCfg = Release|Any CPU
		{53F9E0E6-F63A-4086-8F5D-C600D36E31B9}.Release|Any CPU.Build.0 = Release|Any CPU
		{53F9E0E6-F63A-4086-8F5D-C600D36E31B9}.Release|x64.ActiveCfg = Release|Any CPU
		{53F9E0E6-F63A-4086-8F5D-C600D36E31B9}.Release|x64.Build.0 = Release|Any CPU
		{53F9E0E6-F63A-4086-8F5D-C600D36E31B9}.Release|x86.ActiveCfg = Release|Any CPU
		{53F9E0E6-F63A-4086-8F5D-C600D36E31B9}.Release|x86.Build.0 = Release|Any CPU
		{6FDAFAFF-5C10-41E6-B13E-3434FE4F9D59}.Debug|Any CPU.ActiveCfg = Debug|Any CPU
		{6FDAFAFF-5C10-41E6-B13E-3434FE4F9D59}.Debug|Any CPU.Build.0 = Debug|Any CPU
		{6FDAFAFF-5C10-41E6-B13E-3434FE4F9D59}.Debug|x64.ActiveCfg = Debug|Any CPU
		{6FDAFAFF-5C10-41E6-B13E-3434FE4F9D59}.Debug|x64.Build.0 = Debug|Any CPU
		{6FDAFAFF-5C10-41E6-B13E-3434FE4F9D59}.Debug|x86.ActiveCfg = Debug|Any CPU
		{6FDAFAFF-5C10-41E6-B13E-3434FE4F9D59}.Debug|x86.Build.0 = Debug|Any CPU
		{6FDAFAFF-5C10-41E6-B13E-3434FE4F9D59}.Release|Any CPU.ActiveCfg = Release|Any CPU
		{6FDAFAFF-5C10-41E6-B13E-3434FE4F9D59}.Release|Any CPU.Build.0 = Release|Any CPU
		{6FDAFAFF-5C10-41E6-B13E-3434FE4F9D59}.Release|x64.ActiveCfg = Release|Any CPU
		{6FDAFAFF-5C10-41E6-B13E-3434FE4F9D59}.Release|x64.Build.0 = Release|Any CPU
		{6FDAFAFF-5C10-41E6-B13E-3434FE4F9D59}.Release|x86.ActiveCfg = Release|Any CPU
		{6FDAFAFF-5C10-41E6-B13E-3434FE4F9D59}.Release|x86.Build.0 = Release|Any CPU
		{B2E725AA-C134-40F0-8DF6-6928DA5C2F66}.Debug|Any CPU.ActiveCfg = Debug|Any CPU
		{B2E725AA-C134-40F0-8DF6-6928DA5C2F66}.Debug|Any CPU.Build.0 = Debug|Any CPU
		{B2E725AA-C134-40F0-8DF6-6928DA5C2F66}.Debug|x64.ActiveCfg = Debug|Any CPU
		{B2E725AA-C134-40F0-8DF6-6928DA5C2F66}.Debug|x64.Build.0 = Debug|Any CPU
		{B2E725AA-C134-40F0-8DF6-6928DA5C2F66}.Debug|x86.ActiveCfg = Debug|Any CPU
		{B2E725AA-C134-40F0-8DF6-6928DA5C2F66}.Debug|x86.Build.0 = Debug|Any CPU
		{B2E725AA-C134-40F0-8DF6-6928DA5C2F66}.Release|Any CPU.ActiveCfg = Release|Any CPU
		{B2E725AA-C134-40F0-8DF6-6928DA5C2F66}.Release|Any CPU.Build.0 = Release|Any CPU
		{B2E725AA-C134-40F0-8DF6-6928DA5C2F66}.Release|x64.ActiveCfg = Release|Any CPU
		{B2E725AA-C134-40F0-8DF6-6928DA5C2F66}.Release|x64.Build.0 = Release|Any CPU
		{B2E725AA-C134-40F0-8DF6-6928DA5C2F66}.Release|x86.ActiveCfg = Release|Any CPU
		{B2E725AA-C134-40F0-8DF6-6928DA5C2F66}.Release|x86.Build.0 = Release|Any CPU
		{7805C09C-277C-4A5F-AC7A-AF34FE898939}.Debug|Any CPU.ActiveCfg = Debug|Any CPU
		{7805C09C-277C-4A5F-AC7A-AF34FE898939}.Debug|Any CPU.Build.0 = Debug|Any CPU
		{7805C09C-277C-4A5F-AC7A-AF34FE898939}.Debug|x64.ActiveCfg = Debug|Any CPU
		{7805C09C-277C-4A5F-AC7A-AF34FE898939}.Debug|x64.Build.0 = Debug|Any CPU
		{7805C09C-277C-4A5F-AC7A-AF34FE898939}.Debug|x86.ActiveCfg = Debug|Any CPU
		{7805C09C-277C-4A5F-AC7A-AF34FE898939}.Debug|x86.Build.0 = Debug|Any CPU
		{7805C09C-277C-4A5F-AC7A-AF34FE898939}.Release|Any CPU.ActiveCfg = Release|Any CPU
		{7805C09C-277C-4A5F-AC7A-AF34FE898939}.Release|Any CPU.Build.0 = Release|Any CPU
		{7805C09C-277C-4A5F-AC7A-AF34FE898939}.Release|x64.ActiveCfg = Release|Any CPU
		{7805C09C-277C-4A5F-AC7A-AF34FE898939}.Release|x64.Build.0 = Release|Any CPU
		{7805C09C-277C-4A5F-AC7A-AF34FE898939}.Release|x86.ActiveCfg = Release|Any CPU
		{7805C09C-277C-4A5F-AC7A-AF34FE898939}.Release|x86.Build.0 = Release|Any CPU
		{820BEABD-13B9-427B-AF57-611DFD595969}.Debug|Any CPU.ActiveCfg = Debug|Any CPU
		{820BEABD-13B9-427B-AF57-611DFD595969}.Debug|Any CPU.Build.0 = Debug|Any CPU
		{820BEABD-13B9-427B-AF57-611DFD595969}.Debug|x64.ActiveCfg = Debug|Any CPU
		{820BEABD-13B9-427B-AF57-611DFD595969}.Debug|x64.Build.0 = Debug|Any CPU
		{820BEABD-13B9-427B-AF57-611DFD595969}.Debug|x86.ActiveCfg = Debug|Any CPU
		{820BEABD-13B9-427B-AF57-611DFD595969}.Debug|x86.Build.0 = Debug|Any CPU
		{820BEABD-13B9-427B-AF57-611DFD595969}.Release|Any CPU.ActiveCfg = Release|Any CPU
		{820BEABD-13B9-427B-AF57-611DFD595969}.Release|Any CPU.Build.0 = Release|Any CPU
		{820BEABD-13B9-427B-AF57-611DFD595969}.Release|x64.ActiveCfg = Release|Any CPU
		{820BEABD-13B9-427B-AF57-611DFD595969}.Release|x64.Build.0 = Release|Any CPU
		{820BEABD-13B9-427B-AF57-611DFD595969}.Release|x86.ActiveCfg = Release|Any CPU
		{820BEABD-13B9-427B-AF57-611DFD595969}.Release|x86.Build.0 = Release|Any CPU
		{2B0CE783-D89A-452A-A210-E54032512DF9}.Debug|Any CPU.ActiveCfg = Debug|Any CPU
		{2B0CE783-D89A-452A-A210-E54032512DF9}.Debug|Any CPU.Build.0 = Debug|Any CPU
		{2B0CE783-D89A-452A-A210-E54032512DF9}.Debug|x64.ActiveCfg = Debug|Any CPU
		{2B0CE783-D89A-452A-A210-E54032512DF9}.Debug|x64.Build.0 = Debug|Any CPU
		{2B0CE783-D89A-452A-A210-E54032512DF9}.Debug|x86.ActiveCfg = Debug|Any CPU
		{2B0CE783-D89A-452A-A210-E54032512DF9}.Debug|x86.Build.0 = Debug|Any CPU
		{2B0CE783-D89A-452A-A210-E54032512DF9}.Release|Any CPU.ActiveCfg = Release|Any CPU
		{2B0CE783-D89A-452A-A210-E54032512DF9}.Release|Any CPU.Build.0 = Release|Any CPU
		{2B0CE783-D89A-452A-A210-E54032512DF9}.Release|x64.ActiveCfg = Release|Any CPU
		{2B0CE783-D89A-452A-A210-E54032512DF9}.Release|x64.Build.0 = Release|Any CPU
		{2B0CE783-D89A-452A-A210-E54032512DF9}.Release|x86.ActiveCfg = Release|Any CPU
		{2B0CE783-D89A-452A-A210-E54032512DF9}.Release|x86.Build.0 = Release|Any CPU
		{A6EC4E82-29DC-483A-BB74-5B355C6530CD}.Debug|Any CPU.ActiveCfg = Debug|Any CPU
		{A6EC4E82-29DC-483A-BB74-5B355C6530CD}.Debug|Any CPU.Build.0 = Debug|Any CPU
		{A6EC4E82-29DC-483A-BB74-5B355C6530CD}.Debug|x64.ActiveCfg = Debug|Any CPU
		{A6EC4E82-29DC-483A-BB74-5B355C6530CD}.Debug|x64.Build.0 = Debug|Any CPU
		{A6EC4E82-29DC-483A-BB74-5B355C6530CD}.Debug|x86.ActiveCfg = Debug|Any CPU
		{A6EC4E82-29DC-483A-BB74-5B355C6530CD}.Debug|x86.Build.0 = Debug|Any CPU
		{A6EC4E82-29DC-483A-BB74-5B355C6530CD}.Release|Any CPU.ActiveCfg = Release|Any CPU
		{A6EC4E82-29DC-483A-BB74-5B355C6530CD}.Release|Any CPU.Build.0 = Release|Any CPU
		{A6EC4E82-29DC-483A-BB74-5B355C6530CD}.Release|x64.ActiveCfg = Release|Any CPU
		{A6EC4E82-29DC-483A-BB74-5B355C6530CD}.Release|x64.Build.0 = Release|Any CPU
		{A6EC4E82-29DC-483A-BB74-5B355C6530CD}.Release|x86.ActiveCfg = Release|Any CPU
		{A6EC4E82-29DC-483A-BB74-5B355C6530CD}.Release|x86.Build.0 = Release|Any CPU
		{0CE852C3-8D5E-478B-A407-4E43D6C59E7E}.Debug|Any CPU.ActiveCfg = Debug|Any CPU
		{0CE852C3-8D5E-478B-A407-4E43D6C59E7E}.Debug|Any CPU.Build.0 = Debug|Any CPU
		{0CE852C3-8D5E-478B-A407-4E43D6C59E7E}.Debug|x64.ActiveCfg = Debug|Any CPU
		{0CE852C3-8D5E-478B-A407-4E43D6C59E7E}.Debug|x64.Build.0 = Debug|Any CPU
		{0CE852C3-8D5E-478B-A407-4E43D6C59E7E}.Debug|x86.ActiveCfg = Debug|Any CPU
		{0CE852C3-8D5E-478B-A407-4E43D6C59E7E}.Debug|x86.Build.0 = Debug|Any CPU
		{0CE852C3-8D5E-478B-A407-4E43D6C59E7E}.Release|Any CPU.ActiveCfg = Release|Any CPU
		{0CE852C3-8D5E-478B-A407-4E43D6C59E7E}.Release|Any CPU.Build.0 = Release|Any CPU
		{0CE852C3-8D5E-478B-A407-4E43D6C59E7E}.Release|x64.ActiveCfg = Release|Any CPU
		{0CE852C3-8D5E-478B-A407-4E43D6C59E7E}.Release|x64.Build.0 = Release|Any CPU
		{0CE852C3-8D5E-478B-A407-4E43D6C59E7E}.Release|x86.ActiveCfg = Release|Any CPU
		{0CE852C3-8D5E-478B-A407-4E43D6C59E7E}.Release|x86.Build.0 = Release|Any CPU
		{14B6D29E-11CA-4499-9213-6A1A4554D855}.Debug|Any CPU.ActiveCfg = Debug|Any CPU
		{14B6D29E-11CA-4499-9213-6A1A4554D855}.Debug|Any CPU.Build.0 = Debug|Any CPU
		{14B6D29E-11CA-4499-9213-6A1A4554D855}.Debug|x64.ActiveCfg = Debug|Any CPU
		{14B6D29E-11CA-4499-9213-6A1A4554D855}.Debug|x64.Build.0 = Debug|Any CPU
		{14B6D29E-11CA-4499-9213-6A1A4554D855}.Debug|x86.ActiveCfg = Debug|Any CPU
		{14B6D29E-11CA-4499-9213-6A1A4554D855}.Debug|x86.Build.0 = Debug|Any CPU
		{14B6D29E-11CA-4499-9213-6A1A4554D855}.Release|Any CPU.ActiveCfg = Release|Any CPU
		{14B6D29E-11CA-4499-9213-6A1A4554D855}.Release|Any CPU.Build.0 = Release|Any CPU
		{14B6D29E-11CA-4499-9213-6A1A4554D855}.Release|x64.ActiveCfg = Release|Any CPU
		{14B6D29E-11CA-4499-9213-6A1A4554D855}.Release|x64.Build.0 = Release|Any CPU
		{14B6D29E-11CA-4499-9213-6A1A4554D855}.Release|x86.ActiveCfg = Release|Any CPU
		{14B6D29E-11CA-4499-9213-6A1A4554D855}.Release|x86.Build.0 = Release|Any CPU
		{C468EFDF-A870-475E-BFEB-A82F8DC6FC68}.Debug|Any CPU.ActiveCfg = Debug|Any CPU
		{C468EFDF-A870-475E-BFEB-A82F8DC6FC68}.Debug|Any CPU.Build.0 = Debug|Any CPU
		{C468EFDF-A870-475E-BFEB-A82F8DC6FC68}.Debug|x64.ActiveCfg = Debug|Any CPU
		{C468EFDF-A870-475E-BFEB-A82F8DC6FC68}.Debug|x64.Build.0 = Debug|Any CPU
		{C468EFDF-A870-475E-BFEB-A82F8DC6FC68}.Debug|x86.ActiveCfg = Debug|Any CPU
		{C468EFDF-A870-475E-BFEB-A82F8DC6FC68}.Debug|x86.Build.0 = Debug|Any CPU
		{C468EFDF-A870-475E-BFEB-A82F8DC6FC68}.Release|Any CPU.ActiveCfg = Release|Any CPU
		{C468EFDF-A870-475E-BFEB-A82F8DC6FC68}.Release|Any CPU.Build.0 = Release|Any CPU
		{C468EFDF-A870-475E-BFEB-A82F8DC6FC68}.Release|x64.ActiveCfg = Release|Any CPU
		{C468EFDF-A870-475E-BFEB-A82F8DC6FC68}.Release|x64.Build.0 = Release|Any CPU
		{C468EFDF-A870-475E-BFEB-A82F8DC6FC68}.Release|x86.ActiveCfg = Release|Any CPU
		{C468EFDF-A870-475E-BFEB-A82F8DC6FC68}.Release|x86.Build.0 = Release|Any CPU
		{7DC386E9-0AD3-4DBF-ACC6-294FFD5E4EE8}.Debug|Any CPU.ActiveCfg = Debug|Any CPU
		{7DC386E9-0AD3-4DBF-ACC6-294FFD5E4EE8}.Debug|Any CPU.Build.0 = Debug|Any CPU
		{7DC386E9-0AD3-4DBF-ACC6-294FFD5E4EE8}.Debug|x64.ActiveCfg = Debug|Any CPU
		{7DC386E9-0AD3-4DBF-ACC6-294FFD5E4EE8}.Debug|x64.Build.0 = Debug|Any CPU
		{7DC386E9-0AD3-4DBF-ACC6-294FFD5E4EE8}.Debug|x86.ActiveCfg = Debug|Any CPU
		{7DC386E9-0AD3-4DBF-ACC6-294FFD5E4EE8}.Debug|x86.Build.0 = Debug|Any CPU
		{7DC386E9-0AD3-4DBF-ACC6-294FFD5E4EE8}.Release|Any CPU.ActiveCfg = Release|Any CPU
		{7DC386E9-0AD3-4DBF-ACC6-294FFD5E4EE8}.Release|Any CPU.Build.0 = Release|Any CPU
		{7DC386E9-0AD3-4DBF-ACC6-294FFD5E4EE8}.Release|x64.ActiveCfg = Release|Any CPU
		{7DC386E9-0AD3-4DBF-ACC6-294FFD5E4EE8}.Release|x64.Build.0 = Release|Any CPU
		{7DC386E9-0AD3-4DBF-ACC6-294FFD5E4EE8}.Release|x86.ActiveCfg = Release|Any CPU
		{7DC386E9-0AD3-4DBF-ACC6-294FFD5E4EE8}.Release|x86.Build.0 = Release|Any CPU
		{CDF8434F-06EB-40BE-BA7D-C8C8F91C4954}.Debug|Any CPU.ActiveCfg = Debug|Any CPU
		{CDF8434F-06EB-40BE-BA7D-C8C8F91C4954}.Debug|Any CPU.Build.0 = Debug|Any CPU
		{CDF8434F-06EB-40BE-BA7D-C8C8F91C4954}.Debug|x64.ActiveCfg = Debug|Any CPU
		{CDF8434F-06EB-40BE-BA7D-C8C8F91C4954}.Debug|x64.Build.0 = Debug|Any CPU
		{CDF8434F-06EB-40BE-BA7D-C8C8F91C4954}.Debug|x86.ActiveCfg = Debug|Any CPU
		{CDF8434F-06EB-40BE-BA7D-C8C8F91C4954}.Debug|x86.Build.0 = Debug|Any CPU
		{CDF8434F-06EB-40BE-BA7D-C8C8F91C4954}.Release|Any CPU.ActiveCfg = Release|Any CPU
		{CDF8434F-06EB-40BE-BA7D-C8C8F91C4954}.Release|Any CPU.Build.0 = Release|Any CPU
		{CDF8434F-06EB-40BE-BA7D-C8C8F91C4954}.Release|x64.ActiveCfg = Release|Any CPU
		{CDF8434F-06EB-40BE-BA7D-C8C8F91C4954}.Release|x64.Build.0 = Release|Any CPU
		{CDF8434F-06EB-40BE-BA7D-C8C8F91C4954}.Release|x86.ActiveCfg = Release|Any CPU
		{CDF8434F-06EB-40BE-BA7D-C8C8F91C4954}.Release|x86.Build.0 = Release|Any CPU
		{FBEA202C-3C30-4EDB-9F7E-36495672AD9E}.Debug|Any CPU.ActiveCfg = Debug|Any CPU
		{FBEA202C-3C30-4EDB-9F7E-36495672AD9E}.Debug|Any CPU.Build.0 = Debug|Any CPU
		{FBEA202C-3C30-4EDB-9F7E-36495672AD9E}.Debug|x64.ActiveCfg = Debug|Any CPU
		{FBEA202C-3C30-4EDB-9F7E-36495672AD9E}.Debug|x64.Build.0 = Debug|Any CPU
		{FBEA202C-3C30-4EDB-9F7E-36495672AD9E}.Debug|x86.ActiveCfg = Debug|Any CPU
		{FBEA202C-3C30-4EDB-9F7E-36495672AD9E}.Debug|x86.Build.0 = Debug|Any CPU
		{FBEA202C-3C30-4EDB-9F7E-36495672AD9E}.Release|Any CPU.ActiveCfg = Release|Any CPU
		{FBEA202C-3C30-4EDB-9F7E-36495672AD9E}.Release|Any CPU.Build.0 = Release|Any CPU
		{FBEA202C-3C30-4EDB-9F7E-36495672AD9E}.Release|x64.ActiveCfg = Release|Any CPU
		{FBEA202C-3C30-4EDB-9F7E-36495672AD9E}.Release|x64.Build.0 = Release|Any CPU
		{FBEA202C-3C30-4EDB-9F7E-36495672AD9E}.Release|x86.ActiveCfg = Release|Any CPU
		{FBEA202C-3C30-4EDB-9F7E-36495672AD9E}.Release|x86.Build.0 = Release|Any CPU
		{3894682B-E4E2-403D-8FDF-EC1B00BB7036}.Debug|Any CPU.ActiveCfg = Debug|Any CPU
		{3894682B-E4E2-403D-8FDF-EC1B00BB7036}.Debug|Any CPU.Build.0 = Debug|Any CPU
		{3894682B-E4E2-403D-8FDF-EC1B00BB7036}.Debug|x64.ActiveCfg = Debug|Any CPU
		{3894682B-E4E2-403D-8FDF-EC1B00BB7036}.Debug|x64.Build.0 = Debug|Any CPU
		{3894682B-E4E2-403D-8FDF-EC1B00BB7036}.Debug|x86.ActiveCfg = Debug|Any CPU
		{3894682B-E4E2-403D-8FDF-EC1B00BB7036}.Debug|x86.Build.0 = Debug|Any CPU
		{3894682B-E4E2-403D-8FDF-EC1B00BB7036}.Release|Any CPU.ActiveCfg = Release|Any CPU
		{3894682B-E4E2-403D-8FDF-EC1B00BB7036}.Release|Any CPU.Build.0 = Release|Any CPU
		{3894682B-E4E2-403D-8FDF-EC1B00BB7036}.Release|x64.ActiveCfg = Release|Any CPU
		{3894682B-E4E2-403D-8FDF-EC1B00BB7036}.Release|x64.Build.0 = Release|Any CPU
		{3894682B-E4E2-403D-8FDF-EC1B00BB7036}.Release|x86.ActiveCfg = Release|Any CPU
		{3894682B-E4E2-403D-8FDF-EC1B00BB7036}.Release|x86.Build.0 = Release|Any CPU
		{2F54BA3D-F384-45B7-9B35-2CC6D95AA275}.Debug|Any CPU.ActiveCfg = Debug|Any CPU
		{2F54BA3D-F384-45B7-9B35-2CC6D95AA275}.Debug|Any CPU.Build.0 = Debug|Any CPU
		{2F54BA3D-F384-45B7-9B35-2CC6D95AA275}.Debug|x64.ActiveCfg = Debug|Any CPU
		{2F54BA3D-F384-45B7-9B35-2CC6D95AA275}.Debug|x64.Build.0 = Debug|Any CPU
		{2F54BA3D-F384-45B7-9B35-2CC6D95AA275}.Debug|x86.ActiveCfg = Debug|Any CPU
		{2F54BA3D-F384-45B7-9B35-2CC6D95AA275}.Debug|x86.Build.0 = Debug|Any CPU
		{2F54BA3D-F384-45B7-9B35-2CC6D95AA275}.Release|Any CPU.ActiveCfg = Release|Any CPU
		{2F54BA3D-F384-45B7-9B35-2CC6D95AA275}.Release|Any CPU.Build.0 = Release|Any CPU
		{2F54BA3D-F384-45B7-9B35-2CC6D95AA275}.Release|x64.ActiveCfg = Release|Any CPU
		{2F54BA3D-F384-45B7-9B35-2CC6D95AA275}.Release|x64.Build.0 = Release|Any CPU
		{2F54BA3D-F384-45B7-9B35-2CC6D95AA275}.Release|x86.ActiveCfg = Release|Any CPU
		{2F54BA3D-F384-45B7-9B35-2CC6D95AA275}.Release|x86.Build.0 = Release|Any CPU
		{47B5B76F-033A-44EB-AE0F-1FC0099F4BB8}.Debug|Any CPU.ActiveCfg = Debug|Any CPU
		{47B5B76F-033A-44EB-AE0F-1FC0099F4BB8}.Debug|Any CPU.Build.0 = Debug|Any CPU
		{47B5B76F-033A-44EB-AE0F-1FC0099F4BB8}.Debug|x64.ActiveCfg = Debug|Any CPU
		{47B5B76F-033A-44EB-AE0F-1FC0099F4BB8}.Debug|x64.Build.0 = Debug|Any CPU
		{47B5B76F-033A-44EB-AE0F-1FC0099F4BB8}.Debug|x86.ActiveCfg = Debug|Any CPU
		{47B5B76F-033A-44EB-AE0F-1FC0099F4BB8}.Debug|x86.Build.0 = Debug|Any CPU
		{47B5B76F-033A-44EB-AE0F-1FC0099F4BB8}.Release|Any CPU.ActiveCfg = Release|Any CPU
		{47B5B76F-033A-44EB-AE0F-1FC0099F4BB8}.Release|Any CPU.Build.0 = Release|Any CPU
		{47B5B76F-033A-44EB-AE0F-1FC0099F4BB8}.Release|x64.ActiveCfg = Release|Any CPU
		{47B5B76F-033A-44EB-AE0F-1FC0099F4BB8}.Release|x64.Build.0 = Release|Any CPU
		{47B5B76F-033A-44EB-AE0F-1FC0099F4BB8}.Release|x86.ActiveCfg = Release|Any CPU
		{47B5B76F-033A-44EB-AE0F-1FC0099F4BB8}.Release|x86.Build.0 = Release|Any CPU
		{766E756F-1EC2-4171-B84E-CF10C2C0F072}.Debug|Any CPU.ActiveCfg = Debug|Any CPU
		{766E756F-1EC2-4171-B84E-CF10C2C0F072}.Debug|Any CPU.Build.0 = Debug|Any CPU
		{766E756F-1EC2-4171-B84E-CF10C2C0F072}.Debug|x64.ActiveCfg = Debug|Any CPU
		{766E756F-1EC2-4171-B84E-CF10C2C0F072}.Debug|x64.Build.0 = Debug|Any CPU
		{766E756F-1EC2-4171-B84E-CF10C2C0F072}.Debug|x86.ActiveCfg = Debug|Any CPU
		{766E756F-1EC2-4171-B84E-CF10C2C0F072}.Debug|x86.Build.0 = Debug|Any CPU
		{766E756F-1EC2-4171-B84E-CF10C2C0F072}.Release|Any CPU.ActiveCfg = Release|Any CPU
		{766E756F-1EC2-4171-B84E-CF10C2C0F072}.Release|Any CPU.Build.0 = Release|Any CPU
		{766E756F-1EC2-4171-B84E-CF10C2C0F072}.Release|x64.ActiveCfg = Release|Any CPU
		{766E756F-1EC2-4171-B84E-CF10C2C0F072}.Release|x64.Build.0 = Release|Any CPU
		{766E756F-1EC2-4171-B84E-CF10C2C0F072}.Release|x86.ActiveCfg = Release|Any CPU
		{766E756F-1EC2-4171-B84E-CF10C2C0F072}.Release|x86.Build.0 = Release|Any CPU
		{E4F595B5-BEF8-4B22-BEDD-11595D6618A3}.Debug|Any CPU.ActiveCfg = Debug|Any CPU
		{E4F595B5-BEF8-4B22-BEDD-11595D6618A3}.Debug|Any CPU.Build.0 = Debug|Any CPU
		{E4F595B5-BEF8-4B22-BEDD-11595D6618A3}.Debug|x64.ActiveCfg = Debug|Any CPU
		{E4F595B5-BEF8-4B22-BEDD-11595D6618A3}.Debug|x64.Build.0 = Debug|Any CPU
		{E4F595B5-BEF8-4B22-BEDD-11595D6618A3}.Debug|x86.ActiveCfg = Debug|Any CPU
		{E4F595B5-BEF8-4B22-BEDD-11595D6618A3}.Debug|x86.Build.0 = Debug|Any CPU
		{E4F595B5-BEF8-4B22-BEDD-11595D6618A3}.Release|Any CPU.ActiveCfg = Release|Any CPU
		{E4F595B5-BEF8-4B22-BEDD-11595D6618A3}.Release|Any CPU.Build.0 = Release|Any CPU
		{E4F595B5-BEF8-4B22-BEDD-11595D6618A3}.Release|x64.ActiveCfg = Release|Any CPU
		{E4F595B5-BEF8-4B22-BEDD-11595D6618A3}.Release|x64.Build.0 = Release|Any CPU
		{E4F595B5-BEF8-4B22-BEDD-11595D6618A3}.Release|x86.ActiveCfg = Release|Any CPU
		{E4F595B5-BEF8-4B22-BEDD-11595D6618A3}.Release|x86.Build.0 = Release|Any CPU
		{FA944E7C-DF71-43A7-B59A-4C49BBE06468}.Debug|Any CPU.ActiveCfg = Debug|Any CPU
		{FA944E7C-DF71-43A7-B59A-4C49BBE06468}.Debug|Any CPU.Build.0 = Debug|Any CPU
		{FA944E7C-DF71-43A7-B59A-4C49BBE06468}.Debug|x64.ActiveCfg = Debug|Any CPU
		{FA944E7C-DF71-43A7-B59A-4C49BBE06468}.Debug|x64.Build.0 = Debug|Any CPU
		{FA944E7C-DF71-43A7-B59A-4C49BBE06468}.Debug|x86.ActiveCfg = Debug|Any CPU
		{FA944E7C-DF71-43A7-B59A-4C49BBE06468}.Debug|x86.Build.0 = Debug|Any CPU
		{FA944E7C-DF71-43A7-B59A-4C49BBE06468}.Release|Any CPU.ActiveCfg = Release|Any CPU
		{FA944E7C-DF71-43A7-B59A-4C49BBE06468}.Release|Any CPU.Build.0 = Release|Any CPU
		{FA944E7C-DF71-43A7-B59A-4C49BBE06468}.Release|x64.ActiveCfg = Release|Any CPU
		{FA944E7C-DF71-43A7-B59A-4C49BBE06468}.Release|x64.Build.0 = Release|Any CPU
		{FA944E7C-DF71-43A7-B59A-4C49BBE06468}.Release|x86.ActiveCfg = Release|Any CPU
		{FA944E7C-DF71-43A7-B59A-4C49BBE06468}.Release|x86.Build.0 = Release|Any CPU
		{B66CF3A3-D470-424E-A788-115672CE7E71}.Debug|Any CPU.ActiveCfg = Debug|Any CPU
		{B66CF3A3-D470-424E-A788-115672CE7E71}.Debug|Any CPU.Build.0 = Debug|Any CPU
		{B66CF3A3-D470-424E-A788-115672CE7E71}.Debug|x64.ActiveCfg = Debug|Any CPU
		{B66CF3A3-D470-424E-A788-115672CE7E71}.Debug|x64.Build.0 = Debug|Any CPU
		{B66CF3A3-D470-424E-A788-115672CE7E71}.Debug|x86.ActiveCfg = Debug|Any CPU
		{B66CF3A3-D470-424E-A788-115672CE7E71}.Debug|x86.Build.0 = Debug|Any CPU
		{B66CF3A3-D470-424E-A788-115672CE7E71}.Release|Any CPU.ActiveCfg = Release|Any CPU
		{B66CF3A3-D470-424E-A788-115672CE7E71}.Release|Any CPU.Build.0 = Release|Any CPU
		{B66CF3A3-D470-424E-A788-115672CE7E71}.Release|x64.ActiveCfg = Release|Any CPU
		{B66CF3A3-D470-424E-A788-115672CE7E71}.Release|x64.Build.0 = Release|Any CPU
		{B66CF3A3-D470-424E-A788-115672CE7E71}.Release|x86.ActiveCfg = Release|Any CPU
		{B66CF3A3-D470-424E-A788-115672CE7E71}.Release|x86.Build.0 = Release|Any CPU
		{3437B509-E066-4B7D-8609-CD37C176ED43}.Debug|Any CPU.ActiveCfg = Debug|Any CPU
		{3437B509-E066-4B7D-8609-CD37C176ED43}.Debug|Any CPU.Build.0 = Debug|Any CPU
		{3437B509-E066-4B7D-8609-CD37C176ED43}.Debug|x64.ActiveCfg = Debug|Any CPU
		{3437B509-E066-4B7D-8609-CD37C176ED43}.Debug|x64.Build.0 = Debug|Any CPU
		{3437B509-E066-4B7D-8609-CD37C176ED43}.Debug|x86.ActiveCfg = Debug|Any CPU
		{3437B509-E066-4B7D-8609-CD37C176ED43}.Debug|x86.Build.0 = Debug|Any CPU
		{3437B509-E066-4B7D-8609-CD37C176ED43}.Release|Any CPU.ActiveCfg = Release|Any CPU
		{3437B509-E066-4B7D-8609-CD37C176ED43}.Release|Any CPU.Build.0 = Release|Any CPU
		{3437B509-E066-4B7D-8609-CD37C176ED43}.Release|x64.ActiveCfg = Release|Any CPU
		{3437B509-E066-4B7D-8609-CD37C176ED43}.Release|x64.Build.0 = Release|Any CPU
		{3437B509-E066-4B7D-8609-CD37C176ED43}.Release|x86.ActiveCfg = Release|Any CPU
		{3437B509-E066-4B7D-8609-CD37C176ED43}.Release|x86.Build.0 = Release|Any CPU
		{55A9A0C4-FCE2-494A-A46A-F489C0F36A58}.Debug|Any CPU.ActiveCfg = Debug|Any CPU
		{55A9A0C4-FCE2-494A-A46A-F489C0F36A58}.Debug|Any CPU.Build.0 = Debug|Any CPU
		{55A9A0C4-FCE2-494A-A46A-F489C0F36A58}.Debug|x64.ActiveCfg = Debug|Any CPU
		{55A9A0C4-FCE2-494A-A46A-F489C0F36A58}.Debug|x64.Build.0 = Debug|Any CPU
		{55A9A0C4-FCE2-494A-A46A-F489C0F36A58}.Debug|x86.ActiveCfg = Debug|Any CPU
		{55A9A0C4-FCE2-494A-A46A-F489C0F36A58}.Debug|x86.Build.0 = Debug|Any CPU
		{55A9A0C4-FCE2-494A-A46A-F489C0F36A58}.Release|Any CPU.ActiveCfg = Release|Any CPU
		{55A9A0C4-FCE2-494A-A46A-F489C0F36A58}.Release|Any CPU.Build.0 = Release|Any CPU
		{55A9A0C4-FCE2-494A-A46A-F489C0F36A58}.Release|x64.ActiveCfg = Release|Any CPU
		{55A9A0C4-FCE2-494A-A46A-F489C0F36A58}.Release|x64.Build.0 = Release|Any CPU
		{55A9A0C4-FCE2-494A-A46A-F489C0F36A58}.Release|x86.ActiveCfg = Release|Any CPU
		{55A9A0C4-FCE2-494A-A46A-F489C0F36A58}.Release|x86.Build.0 = Release|Any CPU
		{DDD1B329-940B-4244-A1BD-E35CFE07B73B}.Debug|Any CPU.ActiveCfg = Debug|Any CPU
		{DDD1B329-940B-4244-A1BD-E35CFE07B73B}.Debug|Any CPU.Build.0 = Debug|Any CPU
		{DDD1B329-940B-4244-A1BD-E35CFE07B73B}.Debug|x64.ActiveCfg = Debug|Any CPU
		{DDD1B329-940B-4244-A1BD-E35CFE07B73B}.Debug|x64.Build.0 = Debug|Any CPU
		{DDD1B329-940B-4244-A1BD-E35CFE07B73B}.Debug|x86.ActiveCfg = Debug|Any CPU
		{DDD1B329-940B-4244-A1BD-E35CFE07B73B}.Debug|x86.Build.0 = Debug|Any CPU
		{DDD1B329-940B-4244-A1BD-E35CFE07B73B}.Release|Any CPU.ActiveCfg = Release|Any CPU
		{DDD1B329-940B-4244-A1BD-E35CFE07B73B}.Release|Any CPU.Build.0 = Release|Any CPU
		{DDD1B329-940B-4244-A1BD-E35CFE07B73B}.Release|x64.ActiveCfg = Release|Any CPU
		{DDD1B329-940B-4244-A1BD-E35CFE07B73B}.Release|x64.Build.0 = Release|Any CPU
		{DDD1B329-940B-4244-A1BD-E35CFE07B73B}.Release|x86.ActiveCfg = Release|Any CPU
		{DDD1B329-940B-4244-A1BD-E35CFE07B73B}.Release|x86.Build.0 = Release|Any CPU
	EndGlobalSection
	GlobalSection(SolutionProperties) = preSolution
		HideSolutionNode = FALSE
	EndGlobalSection
	GlobalSection(NestedProjects) = preSolution
		{FA944E7C-DF71-43A7-B59A-4C49BBE06468} = {8F84BEE0-CCBF-42B4-A981-F4A9BF088A96}
		{B66CF3A3-D470-424E-A788-115672CE7E71} = {8F84BEE0-CCBF-42B4-A981-F4A9BF088A96}
		{3437B509-E066-4B7D-8609-CD37C176ED43} = {8F84BEE0-CCBF-42B4-A981-F4A9BF088A96}
		{55A9A0C4-FCE2-494A-A46A-F489C0F36A58} = {8F84BEE0-CCBF-42B4-A981-F4A9BF088A96}
		{DDD1B329-940B-4244-A1BD-E35CFE07B73B} = {8F84BEE0-CCBF-42B4-A981-F4A9BF088A96}
	EndGlobalSection
	GlobalSection(ExtensibilityGlobals) = postSolution
		SolutionGuid = {072DB019-D6AB-4D9D-BAC5-629FF31A62C5}
	EndGlobalSection
EndGlobal
